
Microsoft Visual Studio Solution File, Format Version 12.00
# Visual Studio Version 17
VisualStudioVersion = 17.4.33213.308
MinimumVisualStudioVersion = 10.0.40219.1
Project("{9A19103F-16F7-4668-BE54-9A1E7A4F7556}") = "DefiningClasses", "DefiningClasses\DefiningClasses.csproj", "{A7529500-724A-4CDA-8C66-6451C5765E28}"
EndProject
Project("{FAE04EC0-301F-11D3-BF4B-00C04F79EFBC}") = "DateModifier", "DateModifier\DateModifier.csproj", "{71CE7D94-A603-475F-851F-82E4A93065A7}"
EndProject
Global
	GlobalSection(SolutionConfigurationPlatforms) = preSolution
		Debug|Any CPU = Debug|Any CPU
		Release|Any CPU = Release|Any CPU
	EndGlobalSection
	GlobalSection(ProjectConfigurationPlatforms) = postSolution
		{A7529500-724A-4CDA-8C66-6451C5765E28}.Debug|Any CPU.ActiveCfg = Debug|Any CPU
		{A7529500-724A-4CDA-8C66-6451C5765E28}.Debug|Any CPU.Build.0 = Debug|Any CPU
		{A7529500-724A-4CDA-8C66-6451C5765E28}.Release|Any CPU.ActiveCfg = Release|Any CPU
		{A7529500-724A-4CDA-8C66-6451C5765E28}.Release|Any CPU.Build.0 = Release|Any CPU
		{71CE7D94-A603-475F-851F-82E4A93065A7}.Debug|Any CPU.ActiveCfg = Debug|Any CPU
		{71CE7D94-A603-475F-851F-82E4A93065A7}.Debug|Any CPU.Build.0 = Debug|Any CPU
		{71CE7D94-A603-475F-851F-82E4A93065A7}.Release|Any CPU.ActiveCfg = Release|Any CPU
		{71CE7D94-A603-475F-851F-82E4A93065A7}.Release|Any CPU.Build.0 = Release|Any CPU
	EndGlobalSection
	GlobalSection(SolutionProperties) = preSolution
		HideSolutionNode = FALSE
	EndGlobalSection
	GlobalSection(ExtensibilityGlobals) = postSolution
		SolutionGuid = {EACEDE51-1816-42C8-828A-15A4B260CDD8}
	EndGlobalSection
EndGlobal
